
Microsoft Visual Studio Solution File, Format Version 12.00
# Visual Studio Version 16
VisualStudioVersion = 16.0.31410.357
MinimumVisualStudioVersion = 10.0.40219.1
Project("{FAE04EC0-301F-11D3-BF4B-00C04F79EFBC}") = "SPPIDPlaceSymbol", "SPPIDPlaceSymbol\SPPIDPlaceSymbol.csproj", "{78CDE15A-B071-466D-BA27-BC2DC69C6C86}"
EndProject
Global
	GlobalSection(SolutionConfigurationPlatforms) = preSolution
		Debug|Any CPU = Debug|Any CPU
		Release|Any CPU = Release|Any CPU
	EndGlobalSection
	GlobalSection(ProjectConfigurationPlatforms) = postSolution
		{78CDE15A-B071-466D-BA27-BC2DC69C6C86}.Debug|Any CPU.ActiveCfg = Debug|Any CPU
		{78CDE15A-B071-466D-BA27-BC2DC69C6C86}.Debug|Any CPU.Build.0 = Debug|Any CPU
		{78CDE15A-B071-466D-BA27-BC2DC69C6C86}.Release|Any CPU.ActiveCfg = Release|Any CPU
		{78CDE15A-B071-466D-BA27-BC2DC69C6C86}.Release|Any CPU.Build.0 = Release|Any CPU
	EndGlobalSection
	GlobalSection(SolutionProperties) = preSolution
		HideSolutionNode = FALSE
	EndGlobalSection
	GlobalSection(ExtensibilityGlobals) = postSolution
		SolutionGuid = {34851A39-A30D-4E26-85B0-29C2BD2CCCFB}
	EndGlobalSection
EndGlobal
